
Microsoft Visual Studio Solution File, Format Version 12.00
# Visual Studio Version 17
VisualStudioVersion = 17.11.35327.3
MinimumVisualStudioVersion = 10.0.40219.1
Project("{9A19103F-16F7-4668-BE54-9A1E7A4F7556}") = "Backend", "Backend\Backend.csproj", "{6C17EC44-9679-4EDB-BCE9-6C0A45122B3A}"
EndProject
Project("{9A19103F-16F7-4668-BE54-9A1E7A4F7556}") = "Database", "Database\Database.csproj", "{0ACF229E-6861-4C73-9BFD-A2923DDA911B}"
EndProject
Project("{E53339B2-1760-4266-BCC7-CA923CBCF16C}") = "docker-compose", "docker-compose.dcproj", "{0BD00F87-9754-4DE7-A9FF-673D35C1C64B}"
EndProject
Project("{9A19103F-16F7-4668-BE54-9A1E7A4F7556}") = "Config", "Config\Config.csproj", "{AA5176DE-7C39-456E-81CC-DDE105F1326F}"
EndProject
Project("{2150E333-8FDC-42A3-9474-1A3956D46DE8}") = "Элементы решения", "Элементы решения", "{066271EE-2A6E-40B3-94DA-6BA46B52471E}"
	ProjectSection(SolutionItems) = preProject
		.env.template = .env.template
		.gitignore = .gitignore
	EndProjectSection
EndProject
Project("{FAE04EC0-301F-11D3-BF4B-00C04F79EFBC}") = "Core", "Core\Core.csproj", "{4D73E13D-B49D-44DE-93DE-011EA160C89F}"
EndProject
Global
	GlobalSection(SolutionConfigurationPlatforms) = preSolution
		Debug|Any CPU = Debug|Any CPU
		Release|Any CPU = Release|Any CPU
	EndGlobalSection
	GlobalSection(ProjectConfigurationPlatforms) = postSolution
		{6C17EC44-9679-4EDB-BCE9-6C0A45122B3A}.Debug|Any CPU.ActiveCfg = Debug|Any CPU
		{6C17EC44-9679-4EDB-BCE9-6C0A45122B3A}.Debug|Any CPU.Build.0 = Debug|Any CPU
		{6C17EC44-9679-4EDB-BCE9-6C0A45122B3A}.Release|Any CPU.ActiveCfg = Release|Any CPU
		{6C17EC44-9679-4EDB-BCE9-6C0A45122B3A}.Release|Any CPU.Build.0 = Release|Any CPU
		{0ACF229E-6861-4C73-9BFD-A2923DDA911B}.Debug|Any CPU.ActiveCfg = Debug|Any CPU
		{0ACF229E-6861-4C73-9BFD-A2923DDA911B}.Debug|Any CPU.Build.0 = Debug|Any CPU
		{0ACF229E-6861-4C73-9BFD-A2923DDA911B}.Release|Any CPU.ActiveCfg = Release|Any CPU
		{0ACF229E-6861-4C73-9BFD-A2923DDA911B}.Release|Any CPU.Build.0 = Release|Any CPU
		{0BD00F87-9754-4DE7-A9FF-673D35C1C64B}.Debug|Any CPU.ActiveCfg = Debug|Any CPU
		{0BD00F87-9754-4DE7-A9FF-673D35C1C64B}.Debug|Any CPU.Build.0 = Debug|Any CPU
		{0BD00F87-9754-4DE7-A9FF-673D35C1C64B}.Release|Any CPU.ActiveCfg = Release|Any CPU
		{0BD00F87-9754-4DE7-A9FF-673D35C1C64B}.Release|Any CPU.Build.0 = Release|Any CPU
		{AA5176DE-7C39-456E-81CC-DDE105F1326F}.Debug|Any CPU.ActiveCfg = Debug|Any CPU
		{AA5176DE-7C39-456E-81CC-DDE105F1326F}.Debug|Any CPU.Build.0 = Debug|Any CPU
		{AA5176DE-7C39-456E-81CC-DDE105F1326F}.Release|Any CPU.ActiveCfg = Release|Any CPU
		{AA5176DE-7C39-456E-81CC-DDE105F1326F}.Release|Any CPU.Build.0 = Release|Any CPU
		{4D73E13D-B49D-44DE-93DE-011EA160C89F}.Debug|Any CPU.ActiveCfg = Debug|Any CPU
		{4D73E13D-B49D-44DE-93DE-011EA160C89F}.Debug|Any CPU.Build.0 = Debug|Any CPU
		{4D73E13D-B49D-44DE-93DE-011EA160C89F}.Release|Any CPU.ActiveCfg = Release|Any CPU
		{4D73E13D-B49D-44DE-93DE-011EA160C89F}.Release|Any CPU.Build.0 = Release|Any CPU
	EndGlobalSection
	GlobalSection(SolutionProperties) = preSolution
		HideSolutionNode = FALSE
	EndGlobalSection
	GlobalSection(ExtensibilityGlobals) = postSolution
		SolutionGuid = {F4841902-4677-483A-AEF7-0701F0DC8CD3}
	EndGlobalSection
EndGlobal
